# This file was autogenerated by Stack.
# You should not edit this file by hand.
# For more information, please see the documentation at:
#   https://docs.haskellstack.org/en/stable/lock_files

packages: []
snapshots:
- completed:
    sha256: 82528ac28c568dcedfc74ea25fbc0078cde42a1b4ee04c4ff04fdea06b9869df
    size: 558759
    url: https://raw.githubusercontent.com/commercialhaskell/stackage-snapshots/master/nightly/2022/12/3.yaml
  original: nightly-2022-12-03
